
Microsoft Visual Studio Solution File, Format Version 12.00
# Visual Studio 2012
Project("{FAE04EC0-301F-11D3-BF4B-00C04F79EFBC}") = "CRMOrganizationSettings", "CRMOrganizationSettings\CRMOrganizationSettings.csproj", "{493DE1FD-3640-46C7-A587-E441721F5CAE}"
EndProject
Global
	GlobalSection(SolutionConfigurationPlatforms) = preSolution
		Debug|Any CPU = Debug|Any CPU
		Release|Any CPU = Release|Any CPU
	EndGlobalSection
	GlobalSection(ProjectConfigurationPlatforms) = postSolution
		{493DE1FD-3640-46C7-A587-E441721F5CAE}.Debug|Any CPU.ActiveCfg = Debug|Any CPU
		{493DE1FD-3640-46C7-A587-E441721F5CAE}.Debug|Any CPU.Build.0 = Debug|Any CPU
		{493DE1FD-3640-46C7-A587-E441721F5CAE}.Release|Any CPU.ActiveCfg = Release|Any CPU
		{493DE1FD-3640-46C7-A587-E441721F5CAE}.Release|Any CPU.Build.0 = Release|Any CPU
	EndGlobalSection
	GlobalSection(SolutionProperties) = preSolution
		HideSolutionNode = FALSE
	EndGlobalSection
EndGlobal
